<Solution>
  <Folder Name="/src/">
    <Project Path="src/MudKanban.Demo/MudKanban.Demo.csproj" />
    <Project Path="src/MudKanban.Tests/MudKanban.Tests.csproj" />
    <Project Path="src/MudKanban/MudKanban.csproj" />
  </Folder>
  <File Path=".github/workflows/build-test.yml" />
  <File Path=".github/workflows/pack.yml" />
</Solution>
